
Microsoft Visual Studio Solution File, Format Version 12.00
# Visual Studio 15
VisualStudioVersion = 15.0.28010.2036
MinimumVisualStudioVersion = 10.0.40219.1
Project("{FAE04EC0-301F-11D3-BF4B-00C04F79EFBC}") = "Server", "Server\Server.csproj", "{D747137B-A7FD-4A99-A809-ABF68D89C389}"
EndProject
Project("{FAE04EC0-301F-11D3-BF4B-00C04F79EFBC}") = "Client", "Client\Client.csproj", "{72A38AD8-5D41-4460-AE41-6F36DBED9F14}"
EndProject
Global
	GlobalSection(SolutionConfigurationPlatforms) = preSolution
		Debug|Any CPU = Debug|Any CPU
		Release|Any CPU = Release|Any CPU
	EndGlobalSection
	GlobalSection(ProjectConfigurationPlatforms) = postSolution
		{D747137B-A7FD-4A99-A809-ABF68D89C389}.Debug|Any CPU.ActiveCfg = Debug|Any CPU
		{D747137B-A7FD-4A99-A809-ABF68D89C389}.Debug|Any CPU.Build.0 = Debug|Any CPU
		{D747137B-A7FD-4A99-A809-ABF68D89C389}.Release|Any CPU.ActiveCfg = Release|Any CPU
		{D747137B-A7FD-4A99-A809-ABF68D89C389}.Release|Any CPU.Build.0 = Release|Any CPU
		{72A38AD8-5D41-4460-AE41-6F36DBED9F14}.Debug|Any CPU.ActiveCfg = Debug|Any CPU
		{72A38AD8-5D41-4460-AE41-6F36DBED9F14}.Debug|Any CPU.Build.0 = Debug|Any CPU
		{72A38AD8-5D41-4460-AE41-6F36DBED9F14}.Release|Any CPU.ActiveCfg = Release|Any CPU
		{72A38AD8-5D41-4460-AE41-6F36DBED9F14}.Release|Any CPU.Build.0 = Release|Any CPU
	EndGlobalSection
	GlobalSection(SolutionProperties) = preSolution
		HideSolutionNode = FALSE
	EndGlobalSection
	GlobalSection(ExtensibilityGlobals) = postSolution
		SolutionGuid = {3F558695-E884-4E5E-A1A3-815A49307FB7}
	EndGlobalSection
EndGlobal
